
Microsoft Visual Studio Solution File, Format Version 12.00
# Visual Studio Version 17
VisualStudioVersion = 17.11.35312.102
MinimumVisualStudioVersion = 10.0.40219.1
Project("{FAE04EC0-301F-11D3-BF4B-00C04F79EFBC}") = "BuddgetBuddy", "BuddgetBuddy.csproj", "{01DCEB89-C37A-4683-B80A-A7DE021D99FB}"
EndProject
Global
	GlobalSection(SolutionConfigurationPlatforms) = preSolution
		Debug|Any CPU = Debug|Any CPU
		Release|Any CPU = Release|Any CPU
	EndGlobalSection
	GlobalSection(ProjectConfigurationPlatforms) = postSolution
		{01DCEB89-C37A-4683-B80A-A7DE021D99FB}.Debug|Any CPU.ActiveCfg = Debug|Any CPU
		{01DCEB89-C37A-4683-B80A-A7DE021D99FB}.Debug|Any CPU.Build.0 = Debug|Any CPU
		{01DCEB89-C37A-4683-B80A-A7DE021D99FB}.Debug|Any CPU.Deploy.0 = Debug|Any CPU
		{01DCEB89-C37A-4683-B80A-A7DE021D99FB}.Release|Any CPU.ActiveCfg = Release|Any CPU
		{01DCEB89-C37A-4683-B80A-A7DE021D99FB}.Release|Any CPU.Build.0 = Release|Any CPU
		{01DCEB89-C37A-4683-B80A-A7DE021D99FB}.Release|Any CPU.Deploy.0 = Release|Any CPU
	EndGlobalSection
	GlobalSection(SolutionProperties) = preSolution
		HideSolutionNode = FALSE
	EndGlobalSection
	GlobalSection(ExtensibilityGlobals) = postSolution
		SolutionGuid = {3C6D94F2-E4AF-451A-881C-4B1CA1CC9E91}
	EndGlobalSection
EndGlobal
